
Microsoft Visual Studio Solution File, Format Version 12.00
# Visual Studio 2012
Project("{2150E333-8FDC-42A3-9474-1A3956D46DE8}") = "Biblioteca", "Biblioteca", "{9A282636-CBD6-464A-8AA7-21BC17B4EC6E}"
	ProjectSection(SolutionItems) = preProject
		SOET.Resource\AjaxControlToolkit.dll = SOET.Resource\AjaxControlToolkit.dll
	EndProjectSection
EndProject
Project("{2150E333-8FDC-42A3-9474-1A3956D46DE8}") = "Projeto", "Projeto", "{BEB0FF9F-EF61-4857-99D3-F65A4961B6D9}"
EndProject
Project("{2150E333-8FDC-42A3-9474-1A3956D46DE8}") = "Prototipo", "Prototipo", "{F98DE0B2-0DD2-4C3E-A6EC-F53F33CCC502}"
EndProject
Project("{FAE04EC0-301F-11D3-BF4B-00C04F79EFBC}") = "SOET.Data", "SOET.Data\SOET.Data.csproj", "{4DE12DEE-6236-4FE8-9349-5007AF5C8BEA}"
EndProject
Project("{FAE04EC0-301F-11D3-BF4B-00C04F79EFBC}") = "SOET.Entity", "SOET.Entity\SOET.Entity.csproj", "{87BE0016-61E2-4BDF-BE29-5672BCB169C2}"
EndProject
Project("{FAE04EC0-301F-11D3-BF4B-00C04F79EFBC}") = "SOET.Teste", "SOET.Teste\SOET.Teste.csproj", "{055D216C-09B6-49C9-8D31-B64012E49C7D}"
EndProject
Project("{FAE04EC0-301F-11D3-BF4B-00C04F79EFBC}") = "SOET.UI", "SOET.UI\SOET.UI.csproj", "{C259EE49-B4D7-4614-A1CF-8C531356C410}"
EndProject
Project("{FAE04EC0-301F-11D3-BF4B-00C04F79EFBC}") = "SOET.Util", "SOET.Util\SOET.Util.csproj", "{ADFF76F9-3706-430B-9B2A-35DCEF26657F}"
EndProject
Project("{FAE04EC0-301F-11D3-BF4B-00C04F79EFBC}") = "SOET.Prototipo", "SOET.Prototipo\SOET.Prototipo.csproj", "{62CC2E0E-97D1-4C48-8E14-2326627FAAA0}"
EndProject
Global
	GlobalSection(TeamFoundationVersionControl) = preSolution
		SccNumberOfProjects = 7
		SccEnterpriseProvider = {4CA58AB2-18FA-4F8D-95D4-32DDF27D184C}
		SccTeamFoundationServer = https://pimtds2013.visualstudio.com/defaultcollection
		SccLocalPath0 = .
		SccProjectUniqueName1 = SOET.Data\\SOET.Data.csproj
		SccProjectTopLevelParentUniqueName1 = SOET.sln
		SccProjectName1 = SOET.Data
		SccLocalPath1 = SOET.Data
		SccProjectUniqueName2 = SOET.Entity\\SOET.Entity.csproj
		SccProjectTopLevelParentUniqueName2 = SOET.sln
		SccProjectName2 = SOET.Entity
		SccLocalPath2 = SOET.Entity
		SccProjectUniqueName3 = SOET.Teste\\SOET.Teste.csproj
		SccProjectTopLevelParentUniqueName3 = SOET.sln
		SccProjectName3 = SOET.Teste
		SccLocalPath3 = SOET.Teste
		SccProjectUniqueName4 = SOET.UI\\SOET.UI.csproj
		SccProjectTopLevelParentUniqueName4 = SOET.sln
		SccProjectName4 = SOET.UI
		SccLocalPath4 = SOET.UI
		SccProjectUniqueName5 = SOET.Util\\SOET.Util.csproj
		SccProjectTopLevelParentUniqueName5 = SOET.sln
		SccProjectName5 = SOET.Util
		SccLocalPath5 = SOET.Util
		SccProjectUniqueName6 = SOET.Prototipo\\SOET.Prototipo.csproj
		SccProjectTopLevelParentUniqueName6 = SOET.sln
		SccProjectName6 = SOET.Prototipo
		SccLocalPath6 = SOET.Prototipo
	EndGlobalSection
	GlobalSection(SolutionConfigurationPlatforms) = preSolution
		Debug|Any CPU = Debug|Any CPU
		Release|Any CPU = Release|Any CPU
	EndGlobalSection
	GlobalSection(ProjectConfigurationPlatforms) = postSolution
		{4DE12DEE-6236-4FE8-9349-5007AF5C8BEA}.Debug|Any CPU.ActiveCfg = Debug|Any CPU
		{4DE12DEE-6236-4FE8-9349-5007AF5C8BEA}.Debug|Any CPU.Build.0 = Debug|Any CPU
		{4DE12DEE-6236-4FE8-9349-5007AF5C8BEA}.Release|Any CPU.ActiveCfg = Release|Any CPU
		{4DE12DEE-6236-4FE8-9349-5007AF5C8BEA}.Release|Any CPU.Build.0 = Release|Any CPU
		{87BE0016-61E2-4BDF-BE29-5672BCB169C2}.Debug|Any CPU.ActiveCfg = Debug|Any CPU
		{87BE0016-61E2-4BDF-BE29-5672BCB169C2}.Debug|Any CPU.Build.0 = Debug|Any CPU
		{87BE0016-61E2-4BDF-BE29-5672BCB169C2}.Release|Any CPU.ActiveCfg = Release|Any CPU
		{87BE0016-61E2-4BDF-BE29-5672BCB169C2}.Release|Any CPU.Build.0 = Release|Any CPU
		{055D216C-09B6-49C9-8D31-B64012E49C7D}.Debug|Any CPU.ActiveCfg = Debug|Any CPU
		{055D216C-09B6-49C9-8D31-B64012E49C7D}.Debug|Any CPU.Build.0 = Debug|Any CPU
		{055D216C-09B6-49C9-8D31-B64012E49C7D}.Release|Any CPU.ActiveCfg = Release|Any CPU
		{055D216C-09B6-49C9-8D31-B64012E49C7D}.Release|Any CPU.Build.0 = Release|Any CPU
		{C259EE49-B4D7-4614-A1CF-8C531356C410}.Debug|Any CPU.ActiveCfg = Debug|Any CPU
		{C259EE49-B4D7-4614-A1CF-8C531356C410}.Debug|Any CPU.Build.0 = Debug|Any CPU
		{C259EE49-B4D7-4614-A1CF-8C531356C410}.Release|Any CPU.ActiveCfg = Release|Any CPU
		{C259EE49-B4D7-4614-A1CF-8C531356C410}.Release|Any CPU.Build.0 = Release|Any CPU
		{ADFF76F9-3706-430B-9B2A-35DCEF26657F}.Debug|Any CPU.ActiveCfg = Debug|Any CPU
		{ADFF76F9-3706-430B-9B2A-35DCEF26657F}.Debug|Any CPU.Build.0 = Debug|Any CPU
		{ADFF76F9-3706-430B-9B2A-35DCEF26657F}.Release|Any CPU.ActiveCfg = Release|Any CPU
		{ADFF76F9-3706-430B-9B2A-35DCEF26657F}.Release|Any CPU.Build.0 = Release|Any CPU
		{62CC2E0E-97D1-4C48-8E14-2326627FAAA0}.Debug|Any CPU.ActiveCfg = Debug|Any CPU
		{62CC2E0E-97D1-4C48-8E14-2326627FAAA0}.Debug|Any CPU.Build.0 = Debug|Any CPU
		{62CC2E0E-97D1-4C48-8E14-2326627FAAA0}.Release|Any CPU.ActiveCfg = Release|Any CPU
		{62CC2E0E-97D1-4C48-8E14-2326627FAAA0}.Release|Any CPU.Build.0 = Release|Any CPU
	EndGlobalSection
	GlobalSection(SolutionProperties) = preSolution
		HideSolutionNode = FALSE
	EndGlobalSection
	GlobalSection(NestedProjects) = preSolution
		{4DE12DEE-6236-4FE8-9349-5007AF5C8BEA} = {BEB0FF9F-EF61-4857-99D3-F65A4961B6D9}
		{87BE0016-61E2-4BDF-BE29-5672BCB169C2} = {BEB0FF9F-EF61-4857-99D3-F65A4961B6D9}
		{055D216C-09B6-49C9-8D31-B64012E49C7D} = {BEB0FF9F-EF61-4857-99D3-F65A4961B6D9}
		{C259EE49-B4D7-4614-A1CF-8C531356C410} = {BEB0FF9F-EF61-4857-99D3-F65A4961B6D9}
		{ADFF76F9-3706-430B-9B2A-35DCEF26657F} = {BEB0FF9F-EF61-4857-99D3-F65A4961B6D9}
		{62CC2E0E-97D1-4C48-8E14-2326627FAAA0} = {F98DE0B2-0DD2-4C3E-A6EC-F53F33CCC502}
	EndGlobalSection
EndGlobal
